// !$*UTF8*$!
{
	archiveVersion = 1;
	classes = {
	};
	objectVersion = 46;
	objects = {

/* Begin PBXBuildFile section */
		9197F26718A530BA00D86D9A /* Foundation.framework in Frameworks */ = {isa = PBXBuildFile; fileRef = 9197F26618A530BA00D86D9A /* Foundation.framework */; };
		9197F26918A530BA00D86D9A /* CoreGraphics.framework in Frameworks */ = {isa = PBXBuildFile; fileRef = 9197F26818A530BA00D86D9A /* CoreGraphics.framework */; };
		9197F26B18A530BA00D86D9A /* UIKit.framework in Frameworks */ = {isa = PBXBuildFile; fileRef = 9197F26A18A530BA00D86D9A /* UIKit.framework */; };
		9197F27118A530BA00D86D9A /* InfoPlist.strings in Resources */ = {isa = PBXBuildFile; fileRef = 9197F26F18A530BA00D86D9A /* InfoPlist.strings */; };
		9197F27318A530BA00D86D9A /* main.m in Sources */ = {isa = PBXBuildFile; fileRef = 9197F27218A530BA00D86D9A /* main.m */; };
		9197F27718A530BA00D86D9A /* constranthomeworkAppDelegate.m in Sources */ = {isa = PBXBuildFile; fileRef = 9197F27618A530BA00D86D9A /* constranthomeworkAppDelegate.m */; };
		9197F27A18A530BA00D86D9A /* Main.storyboard in Resources */ = {isa = PBXBuildFile; fileRef = 9197F27818A530BA00D86D9A /* Main.storyboard */; };
		9197F27D18A530BA00D86D9A /* constranthomeworkViewController.m in Sources */ = {isa = PBXBuildFile; fileRef = 9197F27C18A530BA00D86D9A /* constranthomeworkViewController.m */; };
		9197F27F18A530BA00D86D9A /* Images.xcassets in Resources */ = {isa = PBXBuildFile; fileRef = 9197F27E18A530BA00D86D9A /* Images.xcassets */; };
		9197F28618A530BA00D86D9A /* XCTest.framework in Frameworks */ = {isa = PBXBuildFile; fileRef = 9197F28518A530BA00D86D9A /* XCTest.framework */; };
		9197F28718A530BA00D86D9A /* Foundation.framework in Frameworks */ = {isa = PBXBuildFile; fileRef = 9197F26618A530BA00D86D9A /* Foundation.framework */; };
		9197F28818A530BA00D86D9A /* UIKit.framework in Frameworks */ = {isa = PBXBuildFile; fileRef = 9197F26A18A530BA00D86D9A /* UIKit.framework */; };
		9197F29018A530BA00D86D9A /* InfoPlist.strings in Resources */ = {isa = PBXBuildFile; fileRef = 9197F28E18A530BA00D86D9A /* InfoPlist.strings */; };
		9197F29218A530BA00D86D9A /* constranthomeworkTests.m in Sources */ = {isa = PBXBuildFile; fileRef = 9197F29118A530BA00D86D9A /* constranthomeworkTests.m */; };
/* End PBXBuildFile section */

/* Begin PBXContainerItemProxy section */
		9197F28918A530BA00D86D9A /* PBXContainerItemProxy */ = {
			isa = PBXContainerItemProxy;
			containerPortal = 9197F25B18A530BA00D86D9A /* Project object */;
			proxyType = 1;
			remoteGlobalIDString = 9197F26218A530BA00D86D9A;
			remoteInfo = constranthomework;
		};
/* End PBXContainerItemProxy section */

/* Begin PBXFileReference section */
		9197F26318A530BA00D86D9A /* constranthomework.app */ = {isa = PBXFileReference; explicitFileType = wrapper.application; includeInIndex = 0; path = constranthomework.app; sourceTree = BUILT_PRODUCTS_DIR; };
		9197F26618A530BA00D86D9A /* Foundation.framework */ = {isa = PBXFileReference; lastKnownFileType = wrapper.framework; name = Foundation.framework; path = System/Library/Frameworks/Foundation.framework; sourceTree = SDKROOT; };
		9197F26818A530BA00D86D9A /* CoreGraphics.framework */ = {isa = PBXFileReference; lastKnownFileType = wrapper.framework; name = CoreGraphics.framework; path = System/Library/Frameworks/CoreGraphics.framework; sourceTree = SDKROOT; };
		9197F26A18A530BA00D86D9A /* UIKit.framework */ = {isa = PBXFileReference; lastKnownFileType = wrapper.framework; name = UIKit.framework; path = System/Library/Frameworks/UIKit.framework; sourceTree = SDKROOT; };
		9197F26E18A530BA00D86D9A /* constranthomework-Info.plist */ = {isa = PBXFileReference; lastKnownFileType = text.plist.xml; path = "constranthomework-Info.plist"; sourceTree = "<group>"; };
		9197F27018A530BA00D86D9A /* en */ = {isa = PBXFileReference; lastKnownFileType = text.plist.strings; name = en; path = en.lproj/InfoPlist.strings; sourceTree = "<group>"; };
		9197F27218A530BA00D86D9A /* main.m */ = {isa = PBXFileReference; lastKnownFileType = sourcecode.c.objc; path = main.m; sourceTree = "<group>"; };
		9197F27418A530BA00D86D9A /* constranthomework-Prefix.pch */ = {isa = PBXFileReference; lastKnownFileType = sourcecode.c.h; path = "constranthomework-Prefix.pch"; sourceTree = "<group>"; };
		9197F27518A530BA00D86D9A /* constranthomeworkAppDelegate.h */ = {isa = PBXFileReference; lastKnownFileType = sourcecode.c.h; path = constranthomeworkAppDelegate.h; sourceTree = "<group>"; };
		9197F27618A530BA00D86D9A /* constranthomeworkAppDelegate.m */ = {isa = PBXFileReference; lastKnownFileType = sourcecode.c.objc; path = constranthomeworkAppDelegate.m; sourceTree = "<group>"; };
		9197F27918A530BA00D86D9A /* Base */ = {isa = PBXFileReference; lastKnownFileType = file.storyboard; name = Base; path = Base.lproj/Main.storyboard; sourceTree = "<group>"; };
		9197F27B18A530BA00D86D9A /* constranthomeworkViewController.h */ = {isa = PBXFileReference; lastKnownFileType = sourcecode.c.h; path = constranthomeworkViewController.h; sourceTree = "<group>"; };
		9197F27C18A530BA00D86D9A /* constranthomeworkViewController.m */ = {isa = PBXFileReference; lastKnownFileType = sourcecode.c.objc; path = constranthomeworkViewController.m; sourceTree = "<group>"; };
		9197F27E18A530BA00D86D9A /* Images.xcassets */ = {isa = PBXFileReference; lastKnownFileType = folder.assetcatalog; path = Images.xcassets; sourceTree = "<group>"; };
		9197F28418A530BA00D86D9A /* constranthomeworkTests.xctest */ = {isa = PBXFileReference; explicitFileType = wrapper.cfbundle; includeInIndex = 0; path = constranthomeworkTests.xctest; sourceTree = BUILT_PRODUCTS_DIR; };
		9197F28518A530BA00D86D9A /* XCTest.framework */ = {isa = PBXFileReference; lastKnownFileType = wrapper.framework; name = XCTest.framework; path = Library/Frameworks/XCTest.framework; sourceTree = DEVELOPER_DIR; };
		9197F28D18A530BA00D86D9A /* constranthomeworkTests-Info.plist */ = {isa = PBXFileReference; lastKnownFileType = text.plist.xml; path = "constranthomeworkTests-Info.plist"; sourceTree = "<group>"; };
		9197F28F18A530BA00D86D9A /* en */ = {isa = PBXFileReference; lastKnownFileType = text.plist.strings; name = en; path = en.lproj/InfoPlist.strings; sourceTree = "<group>"; };
		9197F29118A530BA00D86D9A /* constranthomeworkTests.m */ = {isa = PBXFileReference; lastKnownFileType = sourcecode.c.objc; path = constranthomeworkTests.m; sourceTree = "<group>"; };
/* End PBXFileReference section */

/* Begin PBXFrameworksBuildPhase section */
		9197F26018A530BA00D86D9A /* Frameworks */ = {
			isa = PBXFrameworksBuildPhase;
			buildActionMask = 2147483647;
			files = (
				9197F26918A530BA00D86D9A /* CoreGraphics.framework in Frameworks */,
				9197F26B18A530BA00D86D9A /* UIKit.framework in Frameworks */,
				9197F26718A530BA00D86D9A /* Foundation.framework in Frameworks */,
			);
			runOnlyForDeploymentPostprocessing = 0;
		};
		9197F28118A530BA00D86D9A /* Frameworks */ = {
			isa = PBXFrameworksBuildPhase;
			buildActionMask = 2147483647;
			files = (
				9197F28618A530BA00D86D9A /* XCTest.framework in Frameworks */,
				9197F28818A530BA00D86D9A /* UIKit.framework in Frameworks */,
				9197F28718A530BA00D86D9A /* Foundation.framework in Frameworks */,
			);
			runOnlyForDeploymentPostprocessing = 0;
		};
/* End PBXFrameworksBuildPhase section */

/* Begin PBXGroup section */
		9197F25A18A530BA00D86D9A = {
			isa = PBXGroup;
			children = (
				9197F26C18A530BA00D86D9A /* constranthomework */,
				9197F28B18A530BA00D86D9A /* constranthomeworkTests */,
				9197F26518A530BA00D86D9A /* Frameworks */,
				9197F26418A530BA00D86D9A /* Products */,
			);
			sourceTree = "<group>";
		};
		9197F26418A530BA00D86D9A /* Products */ = {
			isa = PBXGroup;
			children = (
				9197F26318A530BA00D86D9A /* constranthomework.app */,
				9197F28418A530BA00D86D9A /* constranthomeworkTests.xctest */,
			);
			name = Products;
			sourceTree = "<group>";
		};
		9197F26518A530BA00D86D9A /* Frameworks */ = {
			isa = PBXGroup;
			children = (
				9197F26618A530BA00D86D9A /* Foundation.framework */,
				9197F26818A530BA00D86D9A /* CoreGraphics.framework */,
				9197F26A18A530BA00D86D9A /* UIKit.framework */,
				9197F28518A530BA00D86D9A /* XCTest.framework */,
			);
			name = Frameworks;
			sourceTree = "<group>";
		};
		9197F26C18A530BA00D86D9A /* constranthomework */ = {
			isa = PBXGroup;
			children = (
				9197F27518A530BA00D86D9A /* constranthomeworkAppDelegate.h */,
				9197F27618A530BA00D86D9A /* constranthomeworkAppDelegate.m */,
				9197F27818A530BA00D86D9A /* Main.storyboard */,
				9197F27B18A530BA00D86D9A /* constranthomeworkViewController.h */,
				9197F27C18A530BA00D86D9A /* constranthomeworkViewController.m */,
				9197F27E18A530BA00D86D9A /* Images.xcassets */,
				9197F26D18A530BA00D86D9A /* Supporting Files */,
			);
			path = constranthomework;
			sourceTree = "<group>";
		};
		9197F26D18A530BA00D86D9A /* Supporting Files */ = {
			isa = PBXGroup;
			children = (
				9197F26E18A530BA00D86D9A /* constranthomework-Info.plist */,
				9197F26F18A530BA00D86D9A /* InfoPlist.strings */,
				9197F27218A530BA00D86D9A /* main.m */,
				9197F27418A530BA00D86D9A /* constranthomework-Prefix.pch */,
			);
			name = "Supporting Files";
			sourceTree = "<group>";
		};
		9197F28B18A530BA00D86D9A /* constranthomeworkTests */ = {
			isa = PBXGroup;
			children = (
				9197F29118A530BA00D86D9A /* constranthomeworkTests.m */,
				9197F28C18A530BA00D86D9A /* Supporting Files */,
			);
			path = constranthomeworkTests;
			sourceTree = "<group>";
		};
		9197F28C18A530BA00D86D9A /* Supporting Files */ = {
			isa = PBXGroup;
			children = (
				9197F28D18A530BA00D86D9A /* constranthomeworkTests-Info.plist */,
				9197F28E18A530BA00D86D9A /* InfoPlist.strings */,
			);
			name = "Supporting Files";
			sourceTree = "<group>";
		};
/* End PBXGroup section */

/* Begin PBXNativeTarget section */
		9197F26218A530BA00D86D9A /* constranthomework */ = {
			isa = PBXNativeTarget;
			buildConfigurationList = 9197F29518A530BA00D86D9A /* Build configuration list for PBXNativeTarget "constranthomework" */;
			buildPhases = (
				9197F25F18A530BA00D86D9A /* Sources */,
				9197F26018A530BA00D86D9A /* Frameworks */,
				9197F26118A530BA00D86D9A /* Resources */,
			);
			buildRules = (
			);
			dependencies = (
			);
			name = constranthomework;
			productName = constranthomework;
			productReference = 9197F26318A530BA00D86D9A /* constranthomework.app */;
			productType = "com.apple.product-type.application";
		};
		9197F28318A530BA00D86D9A /* constranthomeworkTests */ = {
			isa = PBXNativeTarget;
			buildConfigurationList = 9197F29818A530BA00D86D9A /* Build configuration list for PBXNativeTarget "constranthomeworkTests" */;
			buildPhases = (
				9197F28018A530BA00D86D9A /* Sources */,
				9197F28118A530BA00D86D9A /* Frameworks */,
				9197F28218A530BA00D86D9A /* Resources */,
			);
			buildRules = (
			);
			dependencies = (
				9197F28A18A530BA00D86D9A /* PBXTargetDependency */,
			);
			name = constranthomeworkTests;
			productName = constranthomeworkTests;
			productReference = 9197F28418A530BA00D86D9A /* constranthomeworkTests.xctest */;
			productType = "com.apple.product-type.bundle.unit-test";
		};
/* End PBXNativeTarget section */

/* Begin PBXProject section */
		9197F25B18A530BA00D86D9A /* Project object */ = {
			isa = PBXProject;
			attributes = {
				CLASSPREFIX = constranthomework;
				LastUpgradeCheck = 0500;
				ORGANIZATIONNAME = "Doug Goss";
				TargetAttributes = {
					9197F28318A530BA00D86D9A = {
						TestTargetID = 9197F26218A530BA00D86D9A;
					};
				};
			};
			buildConfigurationList = 9197F25E18A530BA00D86D9A /* Build configuration list for PBXProject "constranthomework" */;
			compatibilityVersion = "Xcode 3.2";
			developmentRegion = English;
			hasScannedForEncodings = 0;
			knownRegions = (
				en,
				Base,
			);
			mainGroup = 9197F25A18A530BA00D86D9A;
			productRefGroup = 9197F26418A530BA00D86D9A /* Products */;
			projectDirPath = "";
			projectRoot = "";
			targets = (
				9197F26218A530BA00D86D9A /* constranthomework */,
				9197F28318A530BA00D86D9A /* constranthomeworkTests */,
			);
		};
/* End PBXProject section */

/* Begin PBXResourcesBuildPhase section */
		9197F26118A530BA00D86D9A /* Resources */ = {
			isa = PBXResourcesBuildPhase;
			buildActionMask = 2147483647;
			files = (
				9197F27F18A530BA00D86D9A /* Images.xcassets in Resources */,
				9197F27118A530BA00D86D9A /* InfoPlist.strings in Resources */,
				9197F27A18A530BA00D86D9A /* Main.storyboard in Resources */,
			);
			runOnlyForDeploymentPostprocessing = 0;
		};
		9197F28218A530BA00D86D9A /* Resources */ = {
			isa = PBXResourcesBuildPhase;
			buildActionMask = 2147483647;
			files = (
				9197F29018A530BA00D86D9A /* InfoPlist.strings in Resources */,
			);
			runOnlyForDeploymentPostprocessing = 0;
		};
/* End PBXResourcesBuildPhase section */

/* Begin PBXSourcesBuildPhase section */
		9197F25F18A530BA00D86D9A /* Sources */ = {
			isa = PBXSourcesBuildPhase;
			buildActionMask = 2147483647;
			files = (
				9197F27D18A530BA00D86D9A /* constranthomeworkViewController.m in Sources */,
				9197F27318A530BA00D86D9A /* main.m in Sources */,
				9197F27718A530BA00D86D9A /* constranthomeworkAppDelegate.m in Sources */,
			);
			runOnlyForDeploymentPostprocessing = 0;
		};
		9197F28018A530BA00D86D9A /* Sources */ = {
			isa = PBXSourcesBuildPhase;
			buildActionMask = 2147483647;
			files = (
				9197F29218A530BA00D86D9A /* constranthomeworkTests.m in Sources */,
			);
			runOnlyForDeploymentPostprocessing = 0;
		};
/* End PBXSourcesBuildPhase section */

/* Begin PBXTargetDependency section */
		9197F28A18A530BA00D86D9A /* PBXTargetDependency */ = {
			isa = PBXTargetDependency;
			target = 9197F26218A530BA00D86D9A /* constranthomework */;
			targetProxy = 9197F28918A530BA00D86D9A /* PBXContainerItemProxy */;
		};
/* End PBXTargetDependency section */

/* Begin PBXVariantGroup section */
		9197F26F18A530BA00D86D9A /* InfoPlist.strings */ = {
			isa = PBXVariantGroup;
			children = (
				9197F27018A530BA00D86D9A /* en */,
			);
			name = InfoPlist.strings;
			sourceTree = "<group>";
		};
		9197F27818A530BA00D86D9A /* Main.storyboard */ = {
			isa = PBXVariantGroup;
			children = (
				9197F27918A530BA00D86D9A /* Base */,
			);
			name = Main.storyboard;
			sourceTree = "<group>";
		};
		9197F28E18A530BA00D86D9A /* InfoPlist.strings */ = {
			isa = PBXVariantGroup;
			children = (
				9197F28F18A530BA00D86D9A /* en */,
			);
			name = InfoPlist.strings;
			sourceTree = "<group>";
		};
/* End PBXVariantGroup section */

/* Begin XCBuildConfiguration section */
		9197F29318A530BA00D86D9A /* Debug */ = {
			isa = XCBuildConfiguration;
			buildSettings = {
				ALWAYS_SEARCH_USER_PATHS = NO;
				ARCHS = "$(ARCHS_STANDARD_INCLUDING_64_BIT)";
				CLANG_CXX_LANGUAGE_STANDARD = "gnu++0x";
				CLANG_CXX_LIBRARY = "libc++";
				CLANG_ENABLE_MODULES = YES;
				CLANG_ENABLE_OBJC_ARC = YES;
				CLANG_WARN_BOOL_CONVERSION = YES;
				CLANG_WARN_CONSTANT_CONVERSION = YES;
				CLANG_WARN_DIRECT_OBJC_ISA_USAGE = YES_ERROR;
				CLANG_WARN_EMPTY_BODY = YES;
				CLANG_WARN_ENUM_CONVERSION = YES;
				CLANG_WARN_INT_CONVERSION = YES;
				CLANG_WARN_OBJC_ROOT_CLASS = YES_ERROR;
				CLANG_WARN__DUPLICATE_METHOD_MATCH = YES;
				"CODE_SIGN_IDENTITY[sdk=iphoneos*]" = "iPhone Developer";
				COPY_PHASE_STRIP = NO;
				GCC_C_LANGUAGE_STANDARD = gnu99;
				GCC_DYNAMIC_NO_PIC = NO;
				GCC_OPTIMIZATION_LEVEL = 0;
				GCC_PREPROCESSOR_DEFINITIONS = (
					"DEBUG=1",
					"$(inherited)",
				);
				GCC_SYMBOLS_PRIVATE_EXTERN = NO;
				GCC_WARN_64_TO_32_BIT_CONVERSION = YES;
				GCC_WARN_ABOUT_RETURN_TYPE = YES_ERROR;
				GCC_WARN_UNDECLARED_SELECTOR = YES;
				GCC_WARN_UNINITIALIZED_AUTOS = YES;
				GCC_WARN_UNUSED_FUNCTION = YES;
				GCC_WARN_UNUSED_VARIABLE = YES;
				IPHONEOS_DEPLOYMENT_TARGET = 7.0;
				ONLY_ACTIVE_ARCH = YES;
				SDKROOT = iphoneos;
			};
			name = Debug;
		};
		9197F29418A530BA00D86D9A /* Release */ = {
			isa = XCBuildConfiguration;
			buildSettings = {
				ALWAYS_SEARCH_USER_PATHS = NO;
				ARCHS = "$(ARCHS_STANDARD_INCLUDING_64_BIT)";
				CLANG_CXX_LANGUAGE_STANDARD = "gnu++0x";
				CLANG_CXX_LIBRARY = "libc++";
				CLANG_ENABLE_MODULES = YES;
				CLANG_ENABLE_OBJC_ARC = YES;
				CLANG_WARN_BOOL_CONVERSION = YES;
				CLANG_WARN_CONSTANT_CONVERSION = YES;
				CLANG_WARN_DIRECT_OBJC_ISA_USAGE = YES_ERROR;
				CLANG_WARN_EMPTY_BODY = YES;
				CLANG_WARN_ENUM_CONVERSION = YES;
				CLANG_WARN_INT_CONVERSION = YES;
				CLANG_WARN_OBJC_ROOT_CLASS = YES_ERROR;
				CLANG_WARN__DUPLICATE_METHOD_MATCH = YES;
				"CODE_SIGN_IDENTITY[sdk=iphoneos*]" = "iPhone Developer";
				COPY_PHASE_STRIP = YES;
				ENABLE_NS_ASSERTIONS = NO;
				GCC_C_LANGUAGE_STANDARD = gnu99;
				GCC_WARN_64_TO_32_BIT_CONVERSION = YES;
				GCC_WARN_ABOUT_RETURN_TYPE = YES_ERROR;
				GCC_WARN_UNDECLARED_SELECTOR = YES;
				GCC_WARN_UNINITIALIZED_AUTOS = YES;
				GCC_WARN_UNUSED_FUNCTION = YES;
				GCC_WARN_UNUSED_VARIABLE = YES;
				IPHONEOS_DEPLOYMENT_TARGET = 7.0;
				SDKROOT = iphoneos;
				VALIDATE_PRODUCT = YES;
			};
			name = Release;
		};
		9197F29618A530BA00D86D9A /* Debug */ = {
			isa = XCBuildConfiguration;
			buildSettings = {
				ASSETCATALOG_COMPILER_APPICON_NAME = AppIcon;
				ASSETCATALOG_COMPILER_LAUNCHIMAGE_NAME = LaunchImage;
				GCC_PRECOMPILE_PREFIX_HEADER = YES;
				GCC_PREFIX_HEADER = "constranthomework/constranthomework-Prefix.pch";
				INFOPLIST_FILE = "constranthomework/constranthomework-Info.plist";
				PRODUCT_NAME = "$(TARGET_NAME)";
				WRAPPER_EXTENSION = app;
			};
			name = Debug;
		};
		9197F29718A530BA00D86D9A /* Release */ = {
			isa = XCBuildConfiguration;
			buildSettings = {
				ASSETCATALOG_COMPILER_APPICON_NAME = AppIcon;
				ASSETCATALOG_COMPILER_LAUNCHIMAGE_NAME = LaunchImage;
				GCC_PRECOMPILE_PREFIX_HEADER = YES;
				GCC_PREFIX_HEADER = "constranthomework/constranthomework-Prefix.pch";
				INFOPLIST_FILE = "constranthomework/constranthomework-Info.plist";
				PRODUCT_NAME = "$(TARGET_NAME)";
				WRAPPER_EXTENSION = app;
			};
			name = Release;
		};
		9197F29918A530BA00D86D9A /* Debug */ = {
			isa = XCBuildConfiguration;
			buildSettings = {
				ARCHS = "$(ARCHS_STANDARD_INCLUDING_64_BIT)";
				BUNDLE_LOADER = "$(BUILT_PRODUCTS_DIR)/constranthomework.app/constranthomework";
				FRAMEWORK_SEARCH_PATHS = (
					"$(SDKROOT)/Developer/Library/Frameworks",
					"$(inherited)",
					"$(DEVELOPER_FRAMEWORKS_DIR)",
				);
				GCC_PRECOMPILE_PREFIX_HEADER = YES;
				GCC_PREFIX_HEADER = "constranthomework/constranthomework-Prefix.pch";
				GCC_PREPROCESSOR_DEFINITIONS = (
					"DEBUG=1",
					"$(inherited)",
				);
				INFOPLIST_FILE = "constranthomeworkTests/constranthomeworkTests-Info.plist";
				PRODUCT_NAME = "$(TARGET_NAME)";
				TEST_HOST = "$(BUNDLE_LOADER)";
				WRAPPER_EXTENSION = xctest;
			};
			name = Debug;
		};
		9197F29A18A530BA00D86D9A /* Release */ = {
			isa = XCBuildConfiguration;
			buildSettings = {
				ARCHS = "$(ARCHS_STANDARD_INCLUDING_64_BIT)";
				BUNDLE_LOADER = "$(BUILT_PRODUCTS_DIR)/constranthomework.app/constranthomework";
				FRAMEWORK_SEARCH_PATHS = (
					"$(SDKROOT)/Developer/Library/Frameworks",
					"$(inherited)",
					"$(DEVELOPER_FRAMEWORKS_DIR)",
				);
				GCC_PRECOMPILE_PREFIX_HEADER = YES;
				GCC_PREFIX_HEADER = "constranthomework/constranthomework-Prefix.pch";
				INFOPLIST_FILE = "constranthomeworkTests/constranthomeworkTests-Info.plist";
				PRODUCT_NAME = "$(TARGET_NAME)";
				TEST_HOST = "$(BUNDLE_LOADER)";
				WRAPPER_EXTENSION = xctest;
			};
			name = Release;
		};
/* End XCBuildConfiguration section */

/* Begin XCConfigurationList section */
		9197F25E18A530BA00D86D9A /* Build configuration list for PBXProject "constranthomework" */ = {
			isa = XCConfigurationList;
			buildConfigurations = (
				9197F29318A530BA00D86D9A /* Debug */,
				9197F29418A530BA00D86D9A /* Release */,
			);
			defaultConfigurationIsVisible = 0;
			defaultConfigurationName = Release;
		};
		9197F29518A530BA00D86D9A /* Build configuration list for PBXNativeTarget "constranthomework" */ = {
			isa = XCConfigurationList;
			buildConfigurations = (
				9197F29618A530BA00D86D9A /* Debug */,
				9197F29718A530BA00D86D9A /* Release */,
			);
			defaultConfigurationIsVisible = 0;
		};
		9197F29818A530BA00D86D9A /* Build configuration list for PBXNativeTarget "constranthomeworkTests" */ = {
			isa = XCConfigurationList;
			buildConfigurations = (
				9197F29918A530BA00D86D9A /* Debug */,
				9197F29A18A530BA00D86D9A /* Release */,
			);
			defaultConfigurationIsVisible = 0;
		};
/* End XCConfigurationList section */
	};
	rootObject = 9197F25B18A530BA00D86D9A /* Project object */;
}
